
Microsoft Visual Studio Solution File, Format Version 12.00
# Visual Studio Version 17
VisualStudioVersion = 17.14.36518.9 d17.14
MinimumVisualStudioVersion = 10.0.40219.1
Project("{FAE04EC0-301F-11D3-BF4B-00C04F79EFBC}") = "AutomationSystem", "AutomationSystem\AutomationSystem.csproj", "{7A548704-0FFF-431C-9901-5478E8BECD22}"
EndProject
Global
	GlobalSection(SolutionConfigurationPlatforms) = preSolution
		Debug|Any CPU = Debug|Any CPU
		Release|Any CPU = Release|Any CPU
	EndGlobalSection
	GlobalSection(ProjectConfigurationPlatforms) = postSolution
		{7A548704-0FFF-431C-9901-5478E8BECD22}.Debug|Any CPU.ActiveCfg = Debug|Any CPU
		{7A548704-0FFF-431C-9901-5478E8BECD22}.Debug|Any CPU.Build.0 = Debug|Any CPU
		{7A548704-0FFF-431C-9901-5478E8BECD22}.Release|Any CPU.ActiveCfg = Release|Any CPU
		{7A548704-0FFF-431C-9901-5478E8BECD22}.Release|Any CPU.Build.0 = Release|Any CPU
	EndGlobalSection
	GlobalSection(SolutionProperties) = preSolution
		HideSolutionNode = FALSE
	EndGlobalSection
	GlobalSection(ExtensibilityGlobals) = postSolution
		SolutionGuid = {111FE2DD-E7BD-4418-9C30-57C7F204BC6A}
	EndGlobalSection
EndGlobal
